// !$*UTF8*$!
{
	archiveVersion = 1;
	classes = {
	};
	objectVersion = 46;
	objects = {

/* Begin PBXBuildFile section */
		F9288E821C50BF5C00215800 /* Item.swift in Sources */ = {isa = PBXBuildFile; fileRef = F9288E811C50BF5C00215800 /* Item.swift */; };
		F93214971C50D91100BAAA0E /* ItemStore.swift in Sources */ = {isa = PBXBuildFile; fileRef = F93214961C50D91100BAAA0E /* ItemStore.swift */; };
		F979AF161C54FAA7001CD3ED /* DetailViewController.swift in Sources */ = {isa = PBXBuildFile; fileRef = F979AF151C54FAA7001CD3ED /* DetailViewController.swift */; };
		F986E2721C5259480017600C /* ItemCell.swift in Sources */ = {isa = PBXBuildFile; fileRef = F986E2711C5259480017600C /* ItemCell.swift */; };
		F9BB26781C5601A0001D717F /* ImageStore.swift in Sources */ = {isa = PBXBuildFile; fileRef = F9BB26771C5601A0001D717F /* ImageStore.swift */; };
		F9F2C1B71C50BCDC00A317DA /* AppDelegate.swift in Sources */ = {isa = PBXBuildFile; fileRef = F9F2C1B61C50BCDC00A317DA /* AppDelegate.swift */; };
		F9F2C1BC1C50BCDC00A317DA /* Main.storyboard in Resources */ = {isa = PBXBuildFile; fileRef = F9F2C1BA1C50BCDC00A317DA /* Main.storyboard */; };
		F9F2C1BE1C50BCDC00A317DA /* Assets.xcassets in Resources */ = {isa = PBXBuildFile; fileRef = F9F2C1BD1C50BCDC00A317DA /* Assets.xcassets */; };
		F9F2C1C11C50BCDC00A317DA /* LaunchScreen.storyboard in Resources */ = {isa = PBXBuildFile; fileRef = F9F2C1BF1C50BCDC00A317DA /* LaunchScreen.storyboard */; };
		F9F2C1C91C50BD2E00A317DA /* ItemsViewController.swift in Sources */ = {isa = PBXBuildFile; fileRef = F9F2C1C81C50BD2E00A317DA /* ItemsViewController.swift */; };
/* End PBXBuildFile section */

/* Begin PBXFileReference section */
		F9288E811C50BF5C00215800 /* Item.swift */ = {isa = PBXFileReference; fileEncoding = 4; lastKnownFileType = sourcecode.swift; path = Item.swift; sourceTree = "<group>"; };
		F93214961C50D91100BAAA0E /* ItemStore.swift */ = {isa = PBXFileReference; fileEncoding = 4; lastKnownFileType = sourcecode.swift; path = ItemStore.swift; sourceTree = "<group>"; };
		F979AF151C54FAA7001CD3ED /* DetailViewController.swift */ = {isa = PBXFileReference; fileEncoding = 4; lastKnownFileType = sourcecode.swift; path = DetailViewController.swift; sourceTree = "<group>"; };
		F986E2711C5259480017600C /* ItemCell.swift */ = {isa = PBXFileReference; fileEncoding = 4; lastKnownFileType = sourcecode.swift; path = ItemCell.swift; sourceTree = "<group>"; };
		F9BB26771C5601A0001D717F /* ImageStore.swift */ = {isa = PBXFileReference; fileEncoding = 4; lastKnownFileType = sourcecode.swift; path = ImageStore.swift; sourceTree = "<group>"; };
		F9F2C1B31C50BCDC00A317DA /* Homepwner.app */ = {isa = PBXFileReference; explicitFileType = wrapper.application; includeInIndex = 0; path = Homepwner.app; sourceTree = BUILT_PRODUCTS_DIR; };
		F9F2C1B61C50BCDC00A317DA /* AppDelegate.swift */ = {isa = PBXFileReference; lastKnownFileType = sourcecode.swift; path = AppDelegate.swift; sourceTree = "<group>"; };
		F9F2C1BB1C50BCDC00A317DA /* Base */ = {isa = PBXFileReference; lastKnownFileType = file.storyboard; name = Base; path = Base.lproj/Main.storyboard; sourceTree = "<group>"; };
		F9F2C1BD1C50BCDC00A317DA /* Assets.xcassets */ = {isa = PBXFileReference; lastKnownFileType = folder.assetcatalog; path = Assets.xcassets; sourceTree = "<group>"; };
		F9F2C1C01C50BCDC00A317DA /* Base */ = {isa = PBXFileReference; lastKnownFileType = file.storyboard; name = Base; path = Base.lproj/LaunchScreen.storyboard; sourceTree = "<group>"; };
		F9F2C1C21C50BCDC00A317DA /* Info.plist */ = {isa = PBXFileReference; lastKnownFileType = text.plist.xml; path = Info.plist; sourceTree = "<group>"; };
		F9F2C1C81C50BD2E00A317DA /* ItemsViewController.swift */ = {isa = PBXFileReference; fileEncoding = 4; lastKnownFileType = sourcecode.swift; path = ItemsViewController.swift; sourceTree = "<group>"; };
/* End PBXFileReference section */

/* Begin PBXFrameworksBuildPhase section */
		F9F2C1B01C50BCDC00A317DA /* Frameworks */ = {
			isa = PBXFrameworksBuildPhase;
			buildActionMask = 2147483647;
			files = (
			);
			runOnlyForDeploymentPostprocessing = 0;
		};
/* End PBXFrameworksBuildPhase section */

/* Begin PBXGroup section */
		F9F2C1AA1C50BCDB00A317DA = {
			isa = PBXGroup;
			children = (
				F9F2C1B51C50BCDC00A317DA /* Homepwner */,
				F9F2C1B41C50BCDC00A317DA /* Products */,
			);
			sourceTree = "<group>";
		};
		F9F2C1B41C50BCDC00A317DA /* Products */ = {
			isa = PBXGroup;
			children = (
				F9F2C1B31C50BCDC00A317DA /* Homepwner.app */,
			);
			name = Products;
			sourceTree = "<group>";
		};
		F9F2C1B51C50BCDC00A317DA /* Homepwner */ = {
			isa = PBXGroup;
			children = (
				F9F2C1B61C50BCDC00A317DA /* AppDelegate.swift */,
				F9F2C1C81C50BD2E00A317DA /* ItemsViewController.swift */,
				F986E2711C5259480017600C /* ItemCell.swift */,
				F93214961C50D91100BAAA0E /* ItemStore.swift */,
				F9F2C1BA1C50BCDC00A317DA /* Main.storyboard */,
				F979AF151C54FAA7001CD3ED /* DetailViewController.swift */,
				F9BB26771C5601A0001D717F /* ImageStore.swift */,
				F9F2C1BD1C50BCDC00A317DA /* Assets.xcassets */,
				F9F2C1BF1C50BCDC00A317DA /* LaunchScreen.storyboard */,
				F9F2C1C21C50BCDC00A317DA /* Info.plist */,
				F9288E811C50BF5C00215800 /* Item.swift */,
			);
			path = Homepwner;
			sourceTree = "<group>";
		};
/* End PBXGroup section */

/* Begin PBXNativeTarget section */
		F9F2C1B21C50BCDC00A317DA /* Homepwner */ = {
			isa = PBXNativeTarget;
			buildConfigurationList = F9F2C1C51C50BCDC00A317DA /* Build configuration list for PBXNativeTarget "Homepwner" */;
			buildPhases = (
				F9F2C1AF1C50BCDC00A317DA /* Sources */,
				F9F2C1B01C50BCDC00A317DA /* Frameworks */,
				F9F2C1B11C50BCDC00A317DA /* Resources */,
			);
			buildRules = (
			);
			dependencies = (
			);
			name = Homepwner;
			productName = Homepwner;
			productReference = F9F2C1B31C50BCDC00A317DA /* Homepwner.app */;
			productType = "com.apple.product-type.application";
		};
/* End PBXNativeTarget section */

/* Begin PBXProject section */
		F9F2C1AB1C50BCDB00A317DA /* Project object */ = {
			isa = PBXProject;
			attributes = {
				LastSwiftUpdateCheck = 0720;
				LastUpgradeCheck = 0820;
				ORGANIZATIONNAME = "mayank metha";
				TargetAttributes = {
					F9F2C1B21C50BCDC00A317DA = {
						CreatedOnToolsVersion = 7.2;
						DevelopmentTeam = C6M4ZBYTS9;
						LastSwiftMigration = 0820;
					};
				};
			};
			buildConfigurationList = F9F2C1AE1C50BCDB00A317DA /* Build configuration list for PBXProject "Homepwner" */;
			compatibilityVersion = "Xcode 3.2";
			developmentRegion = English;
			hasScannedForEncodings = 0;
			knownRegions = (
				en,
				Base,
			);
			mainGroup = F9F2C1AA1C50BCDB00A317DA;
			productRefGroup = F9F2C1B41C50BCDC00A317DA /* Products */;
			projectDirPath = "";
			projectRoot = "";
			targets = (
				F9F2C1B21C50BCDC00A317DA /* Homepwner */,
			);
		};
/* End PBXProject section */

/* Begin PBXResourcesBuildPhase section */
		F9F2C1B11C50BCDC00A317DA /* Resources */ = {
			isa = PBXResourcesBuildPhase;
			buildActionMask = 2147483647;
			files = (
				F9F2C1C11C50BCDC00A317DA /* LaunchScreen.storyboard in Resources */,
				F9F2C1BE1C50BCDC00A317DA /* Assets.xcassets in Resources */,
				F9F2C1BC1C50BCDC00A317DA /* Main.storyboard in Resources */,
			);
			runOnlyForDeploymentPostprocessing = 0;
		};
/* End PBXResourcesBuildPhase section */

/* Begin PBXSourcesBuildPhase section */
		F9F2C1AF1C50BCDC00A317DA /* Sources */ = {
			isa = PBXSourcesBuildPhase;
			buildActionMask = 2147483647;
			files = (
				F9F2C1B71C50BCDC00A317DA /* AppDelegate.swift in Sources */,
				F9288E821C50BF5C00215800 /* Item.swift in Sources */,
				F93214971C50D91100BAAA0E /* ItemStore.swift in Sources */,
				F979AF161C54FAA7001CD3ED /* DetailViewController.swift in Sources */,
				F9F2C1C91C50BD2E00A317DA /* ItemsViewController.swift in Sources */,
				F9BB26781C5601A0001D717F /* ImageStore.swift in Sources */,
				F986E2721C5259480017600C /* ItemCell.swift in Sources */,
			);
			runOnlyForDeploymentPostprocessing = 0;
		};
/* End PBXSourcesBuildPhase section */

/* Begin PBXVariantGroup section */
		F9F2C1BA1C50BCDC00A317DA /* Main.storyboard */ = {
			isa = PBXVariantGroup;
			children = (
				F9F2C1BB1C50BCDC00A317DA /* Base */,
			);
			name = Main.storyboard;
			sourceTree = "<group>";
		};
		F9F2C1BF1C50BCDC00A317DA /* LaunchScreen.storyboard */ = {
			isa = PBXVariantGroup;
			children = (
				F9F2C1C01C50BCDC00A317DA /* Base */,
			);
			name = LaunchScreen.storyboard;
			sourceTree = "<group>";
		};
/* End PBXVariantGroup section */

/* Begin XCBuildConfiguration section */
		F9F2C1C31C50BCDC00A317DA /* Debug */ = {
			isa = XCBuildConfiguration;
			buildSettings = {
				ALWAYS_SEARCH_USER_PATHS = NO;
				CLANG_CXX_LANGUAGE_STANDARD = "gnu++0x";
				CLANG_CXX_LIBRARY = "libc++";
				CLANG_ENABLE_MODULES = YES;
				CLANG_ENABLE_OBJC_ARC = YES;
				CLANG_WARN_BOOL_CONVERSION = YES;
				CLANG_WARN_CONSTANT_CONVERSION = YES;
				CLANG_WARN_DIRECT_OBJC_ISA_USAGE = YES_ERROR;
				CLANG_WARN_EMPTY_BODY = YES;
				CLANG_WARN_ENUM_CONVERSION = YES;
				CLANG_WARN_INFINITE_RECURSION = YES;
				CLANG_WARN_INT_CONVERSION = YES;
				CLANG_WARN_OBJC_ROOT_CLASS = YES_ERROR;
				CLANG_WARN_SUSPICIOUS_MOVE = YES;
				CLANG_WARN_UNREACHABLE_CODE = YES;
				CLANG_WARN__DUPLICATE_METHOD_MATCH = YES;
				"CODE_SIGN_IDENTITY[sdk=iphoneos*]" = "iPhone Developer";
				COPY_PHASE_STRIP = NO;
				DEBUG_INFORMATION_FORMAT = dwarf;
				ENABLE_STRICT_OBJC_MSGSEND = YES;
				ENABLE_TESTABILITY = YES;
				GCC_C_LANGUAGE_STANDARD = gnu99;
				GCC_DYNAMIC_NO_PIC = NO;
				GCC_NO_COMMON_BLOCKS = YES;
				GCC_OPTIMIZATION_LEVEL = 0;
				GCC_PREPROCESSOR_DEFINITIONS = (
					"DEBUG=1",
					"$(inherited)",
				);
				GCC_WARN_64_TO_32_BIT_CONVERSION = YES;
				GCC_WARN_ABOUT_RETURN_TYPE = YES_ERROR;
				GCC_WARN_UNDECLARED_SELECTOR = YES;
				GCC_WARN_UNINITIALIZED_AUTOS = YES_AGGRESSIVE;
				GCC_WARN_UNUSED_FUNCTION = YES;
				GCC_WARN_UNUSED_VARIABLE = YES;
				IPHONEOS_DEPLOYMENT_TARGET = 10.2;
				MTL_ENABLE_DEBUG_INFO = YES;
				ONLY_ACTIVE_ARCH = YES;
				SDKROOT = iphoneos;
				SWIFT_OPTIMIZATION_LEVEL = "-Onone";
				SWIFT_VERSION = 2.3;
			};
			name = Debug;
		};
		F9F2C1C41C50BCDC00A317DA /* Release */ = {
			isa = XCBuildConfiguration;
			buildSettings = {
				ALWAYS_SEARCH_USER_PATHS = NO;
				CLANG_CXX_LANGUAGE_STANDARD = "gnu++0x";
				CLANG_CXX_LIBRARY = "libc++";
				CLANG_ENABLE_MODULES = YES;
				CLANG_ENABLE_OBJC_ARC = YES;
				CLANG_WARN_BOOL_CONVERSION = YES;
				CLANG_WARN_CONSTANT_CONVERSION = YES;
				CLANG_WARN_DIRECT_OBJC_ISA_USAGE = YES_ERROR;
				CLANG_WARN_EMPTY_BODY = YES;
				CLANG_WARN_ENUM_CONVERSION = YES;
				CLANG_WARN_INFINITE_RECURSION = YES;
				CLANG_WARN_INT_CONVERSION = YES;
				CLANG_WARN_OBJC_ROOT_CLASS = YES_ERROR;
				CLANG_WARN_SUSPICIOUS_MOVE = YES;
				CLANG_WARN_UNREACHABLE_CODE = YES;
				CLANG_WARN__DUPLICATE_METHOD_MATCH = YES;
				"CODE_SIGN_IDENTITY[sdk=iphoneos*]" = "iPhone Developer";
				COPY_PHASE_STRIP = NO;
				DEBUG_INFORMATION_FORMAT = "dwarf-with-dsym";
				ENABLE_NS_ASSERTIONS = NO;
				ENABLE_STRICT_OBJC_MSGSEND = YES;
				GCC_C_LANGUAGE_STANDARD = gnu99;
				GCC_NO_COMMON_BLOCKS = YES;
				GCC_WARN_64_TO_32_BIT_CONVERSION = YES;
				GCC_WARN_ABOUT_RETURN_TYPE = YES_ERROR;
				GCC_WARN_UNDECLARED_SELECTOR = YES;
				GCC_WARN_UNINITIALIZED_AUTOS = YES_AGGRESSIVE;
				GCC_WARN_UNUSED_FUNCTION = YES;
				GCC_WARN_UNUSED_VARIABLE = YES;
				IPHONEOS_DEPLOYMENT_TARGET = 10.2;
				MTL_ENABLE_DEBUG_INFO = NO;
				SDKROOT = iphoneos;
				SWIFT_OPTIMIZATION_LEVEL = "-Owholemodule";
				SWIFT_VERSION = 2.3;
				VALIDATE_PRODUCT = YES;
			};
			name = Release;
		};
		F9F2C1C61C50BCDC00A317DA /* Debug */ = {
			isa = XCBuildConfiguration;
			buildSettings = {
				ASSETCATALOG_COMPILER_APPICON_NAME = AppIcon;
				INFOPLIST_FILE = Homepwner/Info.plist;
				LD_RUNPATH_SEARCH_PATHS = "$(inherited) @executable_path/Frameworks";
				PRODUCT_BUNDLE_IDENTIFIER = mayank.Homepwner;
				PRODUCT_NAME = "$(TARGET_NAME)";
				SWIFT_VERSION = 3.0;
			};
			name = Debug;
		};
		F9F2C1C71C50BCDC00A317DA /* Release */ = {
			isa = XCBuildConfiguration;
			buildSettings = {
				ASSETCATALOG_COMPILER_APPICON_NAME = AppIcon;
				INFOPLIST_FILE = Homepwner/Info.plist;
				LD_RUNPATH_SEARCH_PATHS = "$(inherited) @executable_path/Frameworks";
				PRODUCT_BUNDLE_IDENTIFIER = mayank.Homepwner;
				PRODUCT_NAME = "$(TARGET_NAME)";
				SWIFT_VERSION = 3.0;
			};
			name = Release;
		};
/* End XCBuildConfiguration section */

/* Begin XCConfigurationList section */
		F9F2C1AE1C50BCDB00A317DA /* Build configuration list for PBXProject "Homepwner" */ = {
			isa = XCConfigurationList;
			buildConfigurations = (
				F9F2C1C31C50BCDC00A317DA /* Debug */,
				F9F2C1C41C50BCDC00A317DA /* Release */,
			);
			defaultConfigurationIsVisible = 0;
			defaultConfigurationName = Release;
		};
		F9F2C1C51C50BCDC00A317DA /* Build configuration list for PBXNativeTarget "Homepwner" */ = {
			isa = XCConfigurationList;
			buildConfigurations = (
				F9F2C1C61C50BCDC00A317DA /* Debug */,
				F9F2C1C71C50BCDC00A317DA /* Release */,
			);
			defaultConfigurationIsVisible = 0;
			defaultConfigurationName = Release;
		};
/* End XCConfigurationList section */
	};
	rootObject = F9F2C1AB1C50BCDB00A317DA /* Project object */;
}
